
Microsoft Visual Studio Solution File, Format Version 12.00
# Visual Studio Version 16
VisualStudioVersion = 16.0.29519.87
MinimumVisualStudioVersion = 10.0.40219.1
Project("{FAE04EC0-301F-11D3-BF4B-00C04F79EFBC}") = "JWTAuth", "JWTAuth.csproj", "{913DB143-4483-42FF-B52B-5213A8149939}"
EndProject
Global
	GlobalSection(SolutionConfigurationPlatforms) = preSolution
		Debug|Any CPU = Debug|Any CPU
		Release|Any CPU = Release|Any CPU
	EndGlobalSection
	GlobalSection(ProjectConfigurationPlatforms) = postSolution
		{913DB143-4483-42FF-B52B-5213A8149939}.Debug|Any CPU.ActiveCfg = Debug|Any CPU
		{913DB143-4483-42FF-B52B-5213A8149939}.Debug|Any CPU.Build.0 = Debug|Any CPU
		{913DB143-4483-42FF-B52B-5213A8149939}.Release|Any CPU.ActiveCfg = Release|Any CPU
		{913DB143-4483-42FF-B52B-5213A8149939}.Release|Any CPU.Build.0 = Release|Any CPU
	EndGlobalSection
	GlobalSection(SolutionProperties) = preSolution
		HideSolutionNode = FALSE
	EndGlobalSection
	GlobalSection(ExtensibilityGlobals) = postSolution
		SolutionGuid = {44DA58B2-F5A6-4E4E-9A64-F3C1F159C609}
	EndGlobalSection
EndGlobal
